// !$*UTF8*$!
{
	archiveVersion = 1;
	classes = {
	};
	objectVersion = 56;
	objects = {

/* Begin PBXBuildFile section */
		0D09F5712ACFAF3200BD34E9 /* AccountModelTests.swift in Sources */ = {isa = PBXBuildFile; fileRef = 0D09F5702ACFAF3200BD34E9 /* AccountModelTests.swift */; };
		0D09F5732ACFAFD800BD34E9 /* MealModelTests.swift in Sources */ = {isa = PBXBuildFile; fileRef = 0D09F5722ACFAFD800BD34E9 /* MealModelTests.swift */; };
		0D09F5752ACFB01300BD34E9 /* NetworkingTests.swift in Sources */ = {isa = PBXBuildFile; fileRef = 0D09F5742ACFB01300BD34E9 /* NetworkingTests.swift */; };
		0DC7BF362ACD6332004E9239 /* MyMealApp.swift in Sources */ = {isa = PBXBuildFile; fileRef = 0DC7BF352ACD6332004E9239 /* MyMealApp.swift */; };
		0DC7BF3A2ACD6335004E9239 /* Assets.xcassets in Resources */ = {isa = PBXBuildFile; fileRef = 0DC7BF392ACD6335004E9239 /* Assets.xcassets */; };
		0DC7BF3D2ACD6335004E9239 /* Preview Assets.xcassets in Resources */ = {isa = PBXBuildFile; fileRef = 0DC7BF3C2ACD6335004E9239 /* Preview Assets.xcassets */; };
		0DC7BF632ACD63E9004E9239 /* MealView.swift in Sources */ = {isa = PBXBuildFile; fileRef = 0DC7BF622ACD63E9004E9239 /* MealView.swift */; };
		0DC7BF652ACD63F6004E9239 /* MealModel.swift in Sources */ = {isa = PBXBuildFile; fileRef = 0DC7BF642ACD63F6004E9239 /* MealModel.swift */; };
		0DC7BF682ACD66A3004E9239 /* MealRow.swift in Sources */ = {isa = PBXBuildFile; fileRef = 0DC7BF672ACD66A3004E9239 /* MealRow.swift */; };
		0DC7BF6A2ACD6780004E9239 /* AlphabetButtonsView.swift in Sources */ = {isa = PBXBuildFile; fileRef = 0DC7BF692ACD6780004E9239 /* AlphabetButtonsView.swift */; };
		0DC7BF6D2ACD69FB004E9239 /* LoadingView.swift in Sources */ = {isa = PBXBuildFile; fileRef = 0DC7BF6C2ACD69FB004E9239 /* LoadingView.swift */; };
		0DC7BF722ACE410F004E9239 /* DefaultImage.swift in Sources */ = {isa = PBXBuildFile; fileRef = 0DC7BF712ACE410F004E9239 /* DefaultImage.swift */; };
		0DC7BF752ACE4275004E9239 /* MealDetailsView.swift in Sources */ = {isa = PBXBuildFile; fileRef = 0DC7BF742ACE4275004E9239 /* MealDetailsView.swift */; };
		0DC7BF772ACE428B004E9239 /* MealDetailsModel.swift in Sources */ = {isa = PBXBuildFile; fileRef = 0DC7BF762ACE428B004E9239 /* MealDetailsModel.swift */; };
		0DC7BF792ACE5BF8004E9239 /* EmptyView.swift in Sources */ = {isa = PBXBuildFile; fileRef = 0DC7BF782ACE5BF8004E9239 /* EmptyView.swift */; };
		0DC7BF7E2ACE7A2A004E9239 /* Kingfisher in Frameworks */ = {isa = PBXBuildFile; productRef = 0DC7BF7D2ACE7A2A004E9239 /* Kingfisher */; };
		0DC7BF822ACE98D4004E9239 /* AccountModel.swift in Sources */ = {isa = PBXBuildFile; fileRef = 0DC7BF812ACE98D4004E9239 /* AccountModel.swift */; };
		0DC7BF842ACE9CDC004E9239 /* AccountView.swift in Sources */ = {isa = PBXBuildFile; fileRef = 0DC7BF832ACE9CDC004E9239 /* AccountView.swift */; };
		39C662DBE3B5B62071C29D3F /* Pods_MyMeal.framework in Frameworks */ = {isa = PBXBuildFile; fileRef = 38CBCFF24C2273E41D5F91A0 /* Pods_MyMeal.framework */; };
		A9B3F98764283DF0591F033D /* Pods_MyMealTests.framework in Frameworks */ = {isa = PBXBuildFile; fileRef = CB6AA6EF8E2267A425A04F75 /* Pods_MyMealTests.framework */; };
/* End PBXBuildFile section */

/* Begin PBXContainerItemProxy section */
		0DC7BF432ACD6335004E9239 /* PBXContainerItemProxy */ = {
			isa = PBXContainerItemProxy;
			containerPortal = 0DC7BF2A2ACD6332004E9239 /* Project object */;
			proxyType = 1;
			remoteGlobalIDString = 0DC7BF312ACD6332004E9239;
			remoteInfo = MyMeal;
		};
/* End PBXContainerItemProxy section */

/* Begin PBXFileReference section */
		0D09F5702ACFAF3200BD34E9 /* AccountModelTests.swift */ = {isa = PBXFileReference; lastKnownFileType = sourcecode.swift; path = AccountModelTests.swift; sourceTree = "<group>"; };
		0D09F5722ACFAFD800BD34E9 /* MealModelTests.swift */ = {isa = PBXFileReference; lastKnownFileType = sourcecode.swift; path = MealModelTests.swift; sourceTree = "<group>"; };
		0D09F5742ACFB01300BD34E9 /* NetworkingTests.swift */ = {isa = PBXFileReference; lastKnownFileType = sourcecode.swift; path = NetworkingTests.swift; sourceTree = "<group>"; };
		0DC7BF322ACD6332004E9239 /* MyMeal.app */ = {isa = PBXFileReference; explicitFileType = wrapper.application; includeInIndex = 0; path = MyMeal.app; sourceTree = BUILT_PRODUCTS_DIR; };
		0DC7BF352ACD6332004E9239 /* MyMealApp.swift */ = {isa = PBXFileReference; lastKnownFileType = sourcecode.swift; path = MyMealApp.swift; sourceTree = "<group>"; };
		0DC7BF392ACD6335004E9239 /* Assets.xcassets */ = {isa = PBXFileReference; lastKnownFileType = folder.assetcatalog; path = Assets.xcassets; sourceTree = "<group>"; };
		0DC7BF3C2ACD6335004E9239 /* Preview Assets.xcassets */ = {isa = PBXFileReference; lastKnownFileType = folder.assetcatalog; path = "Preview Assets.xcassets"; sourceTree = "<group>"; };
		0DC7BF422ACD6335004E9239 /* MyMealTests.xctest */ = {isa = PBXFileReference; explicitFileType = wrapper.cfbundle; includeInIndex = 0; path = MyMealTests.xctest; sourceTree = BUILT_PRODUCTS_DIR; };
		0DC7BF622ACD63E9004E9239 /* MealView.swift */ = {isa = PBXFileReference; lastKnownFileType = sourcecode.swift; path = MealView.swift; sourceTree = "<group>"; };
		0DC7BF642ACD63F6004E9239 /* MealModel.swift */ = {isa = PBXFileReference; lastKnownFileType = sourcecode.swift; path = MealModel.swift; sourceTree = "<group>"; };
		0DC7BF672ACD66A3004E9239 /* MealRow.swift */ = {isa = PBXFileReference; lastKnownFileType = sourcecode.swift; path = MealRow.swift; sourceTree = "<group>"; };
		0DC7BF692ACD6780004E9239 /* AlphabetButtonsView.swift */ = {isa = PBXFileReference; lastKnownFileType = sourcecode.swift; path = AlphabetButtonsView.swift; sourceTree = "<group>"; };
		0DC7BF6C2ACD69FB004E9239 /* LoadingView.swift */ = {isa = PBXFileReference; lastKnownFileType = sourcecode.swift; path = LoadingView.swift; sourceTree = "<group>"; };
		0DC7BF712ACE410F004E9239 /* DefaultImage.swift */ = {isa = PBXFileReference; lastKnownFileType = sourcecode.swift; path = DefaultImage.swift; sourceTree = "<group>"; };
		0DC7BF742ACE4275004E9239 /* MealDetailsView.swift */ = {isa = PBXFileReference; lastKnownFileType = sourcecode.swift; path = MealDetailsView.swift; sourceTree = "<group>"; };
		0DC7BF762ACE428B004E9239 /* MealDetailsModel.swift */ = {isa = PBXFileReference; lastKnownFileType = sourcecode.swift; path = MealDetailsModel.swift; sourceTree = "<group>"; };
		0DC7BF782ACE5BF8004E9239 /* EmptyView.swift */ = {isa = PBXFileReference; lastKnownFileType = sourcecode.swift; path = EmptyView.swift; sourceTree = "<group>"; };
		0DC7BF812ACE98D4004E9239 /* AccountModel.swift */ = {isa = PBXFileReference; lastKnownFileType = sourcecode.swift; path = AccountModel.swift; sourceTree = "<group>"; };
		0DC7BF832ACE9CDC004E9239 /* AccountView.swift */ = {isa = PBXFileReference; lastKnownFileType = sourcecode.swift; path = AccountView.swift; sourceTree = "<group>"; };
		1151CD3AC040604B21C67CD9 /* Pods-MyMealTests.debug.xcconfig */ = {isa = PBXFileReference; includeInIndex = 1; lastKnownFileType = text.xcconfig; name = "Pods-MyMealTests.debug.xcconfig"; path = "Target Support Files/Pods-MyMealTests/Pods-MyMealTests.debug.xcconfig"; sourceTree = "<group>"; };
		1AD51527032DDCFE8C5BC6DB /* Pods-MyMealTests.release.xcconfig */ = {isa = PBXFileReference; includeInIndex = 1; lastKnownFileType = text.xcconfig; name = "Pods-MyMealTests.release.xcconfig"; path = "Target Support Files/Pods-MyMealTests/Pods-MyMealTests.release.xcconfig"; sourceTree = "<group>"; };
		38CBCFF24C2273E41D5F91A0 /* Pods_MyMeal.framework */ = {isa = PBXFileReference; explicitFileType = wrapper.framework; includeInIndex = 0; path = Pods_MyMeal.framework; sourceTree = BUILT_PRODUCTS_DIR; };
		59D5732BFB1559E9EA0A6C16 /* Pods-MyMeal.debug.xcconfig */ = {isa = PBXFileReference; includeInIndex = 1; lastKnownFileType = text.xcconfig; name = "Pods-MyMeal.debug.xcconfig"; path = "Target Support Files/Pods-MyMeal/Pods-MyMeal.debug.xcconfig"; sourceTree = "<group>"; };
		7129D4FF4DEF34D02D80120D /* Pods-MyMeal.release.xcconfig */ = {isa = PBXFileReference; includeInIndex = 1; lastKnownFileType = text.xcconfig; name = "Pods-MyMeal.release.xcconfig"; path = "Target Support Files/Pods-MyMeal/Pods-MyMeal.release.xcconfig"; sourceTree = "<group>"; };
		CB6AA6EF8E2267A425A04F75 /* Pods_MyMealTests.framework */ = {isa = PBXFileReference; explicitFileType = wrapper.framework; includeInIndex = 0; path = Pods_MyMealTests.framework; sourceTree = BUILT_PRODUCTS_DIR; };
/* End PBXFileReference section */

/* Begin PBXFrameworksBuildPhase section */
		0DC7BF2F2ACD6332004E9239 /* Frameworks */ = {
			isa = PBXFrameworksBuildPhase;
			buildActionMask = 2147483647;
			files = (
				0DC7BF7E2ACE7A2A004E9239 /* Kingfisher in Frameworks */,
				39C662DBE3B5B62071C29D3F /* Pods_MyMeal.framework in Frameworks */,
			);
			runOnlyForDeploymentPostprocessing = 0;
		};
		0DC7BF3F2ACD6335004E9239 /* Frameworks */ = {
			isa = PBXFrameworksBuildPhase;
			buildActionMask = 2147483647;
			files = (
				A9B3F98764283DF0591F033D /* Pods_MyMealTests.framework in Frameworks */,
			);
			runOnlyForDeploymentPostprocessing = 0;
		};
/* End PBXFrameworksBuildPhase section */

/* Begin PBXGroup section */
		0DC7BF292ACD6332004E9239 = {
			isa = PBXGroup;
			children = (
				0DC7BF342ACD6332004E9239 /* MyMeal */,
				0DC7BF452ACD6335004E9239 /* MyMealTests */,
				0DC7BF332ACD6332004E9239 /* Products */,
				36B7DD10AB2FEDC1ACC71767 /* Pods */,
				CF25287DAFFAECA7EA50AB6A /* Frameworks */,
			);
			sourceTree = "<group>";
		};
		0DC7BF332ACD6332004E9239 /* Products */ = {
			isa = PBXGroup;
			children = (
				0DC7BF322ACD6332004E9239 /* MyMeal.app */,
				0DC7BF422ACD6335004E9239 /* MyMealTests.xctest */,
			);
			name = Products;
			sourceTree = "<group>";
		};
		0DC7BF342ACD6332004E9239 /* MyMeal */ = {
			isa = PBXGroup;
			children = (
				0DC7BF602ACD63CB004E9239 /* Account */,
				0DC7BF5F2ACD63C5004E9239 /* Meal List */,
				0DC7BF732ACE425A004E9239 /* Meal Details */,
				0DC7BF352ACD6332004E9239 /* MyMealApp.swift */,
				0DC7BF392ACD6335004E9239 /* Assets.xcassets */,
				0DC7BF6B2ACD69F1004E9239 /* Reusable */,
				0DC7BF3B2ACD6335004E9239 /* Preview Content */,
			);
			path = MyMeal;
			sourceTree = "<group>";
		};
		0DC7BF3B2ACD6335004E9239 /* Preview Content */ = {
			isa = PBXGroup;
			children = (
				0DC7BF3C2ACD6335004E9239 /* Preview Assets.xcassets */,
			);
			path = "Preview Content";
			sourceTree = "<group>";
		};
		0DC7BF452ACD6335004E9239 /* MyMealTests */ = {
			isa = PBXGroup;
			children = (
				0D09F5702ACFAF3200BD34E9 /* AccountModelTests.swift */,
				0D09F5722ACFAFD800BD34E9 /* MealModelTests.swift */,
				0D09F5742ACFB01300BD34E9 /* NetworkingTests.swift */,
			);
			path = MyMealTests;
			sourceTree = "<group>";
		};
		0DC7BF5F2ACD63C5004E9239 /* Meal List */ = {
			isa = PBXGroup;
			children = (
				0DC7BF662ACD6698004E9239 /* Components */,
				0DC7BF622ACD63E9004E9239 /* MealView.swift */,
				0DC7BF642ACD63F6004E9239 /* MealModel.swift */,
			);
			path = "Meal List";
			sourceTree = "<group>";
		};
		0DC7BF602ACD63CB004E9239 /* Account */ = {
			isa = PBXGroup;
			children = (
				0DC7BF812ACE98D4004E9239 /* AccountModel.swift */,
				0DC7BF832ACE9CDC004E9239 /* AccountView.swift */,
			);
			path = Account;
			sourceTree = "<group>";
		};
		0DC7BF662ACD6698004E9239 /* Components */ = {
			isa = PBXGroup;
			children = (
				0DC7BF672ACD66A3004E9239 /* MealRow.swift */,
				0DC7BF692ACD6780004E9239 /* AlphabetButtonsView.swift */,
			);
			path = Components;
			sourceTree = "<group>";
		};
		0DC7BF6B2ACD69F1004E9239 /* Reusable */ = {
			isa = PBXGroup;
			children = (
				0DC7BF6C2ACD69FB004E9239 /* LoadingView.swift */,
				0DC7BF712ACE410F004E9239 /* DefaultImage.swift */,
				0DC7BF782ACE5BF8004E9239 /* EmptyView.swift */,
			);
			path = Reusable;
			sourceTree = "<group>";
		};
		0DC7BF732ACE425A004E9239 /* Meal Details */ = {
			isa = PBXGroup;
			children = (
				0DC7BF742ACE4275004E9239 /* MealDetailsView.swift */,
				0DC7BF762ACE428B004E9239 /* MealDetailsModel.swift */,
			);
			path = "Meal Details";
			sourceTree = "<group>";
		};
		36B7DD10AB2FEDC1ACC71767 /* Pods */ = {
			isa = PBXGroup;
			children = (
				59D5732BFB1559E9EA0A6C16 /* Pods-MyMeal.debug.xcconfig */,
				7129D4FF4DEF34D02D80120D /* Pods-MyMeal.release.xcconfig */,
				1151CD3AC040604B21C67CD9 /* Pods-MyMealTests.debug.xcconfig */,
				1AD51527032DDCFE8C5BC6DB /* Pods-MyMealTests.release.xcconfig */,
			);
			path = Pods;
			sourceTree = "<group>";
		};
		CF25287DAFFAECA7EA50AB6A /* Frameworks */ = {
			isa = PBXGroup;
			children = (
				38CBCFF24C2273E41D5F91A0 /* Pods_MyMeal.framework */,
				CB6AA6EF8E2267A425A04F75 /* Pods_MyMealTests.framework */,
			);
			name = Frameworks;
			sourceTree = "<group>";
		};
/* End PBXGroup section */

/* Begin PBXNativeTarget section */
		0DC7BF312ACD6332004E9239 /* MyMeal */ = {
			isa = PBXNativeTarget;
			buildConfigurationList = 0DC7BF562ACD6335004E9239 /* Build configuration list for PBXNativeTarget "MyMeal" */;
			buildPhases = (
				5141222023635FC6D4E0CE1F /* [CP] Check Pods Manifest.lock */,
				0DC7BF2E2ACD6332004E9239 /* Sources */,
				0DC7BF2F2ACD6332004E9239 /* Frameworks */,
				0DC7BF302ACD6332004E9239 /* Resources */,
				7427110FFF46EA8A6EB3FA05 /* [CP] Embed Pods Frameworks */,
			);
			buildRules = (
			);
			dependencies = (
			);
			name = MyMeal;
			packageProductDependencies = (
				0DC7BF7D2ACE7A2A004E9239 /* Kingfisher */,
			);
			productName = MyMeal;
			productReference = 0DC7BF322ACD6332004E9239 /* MyMeal.app */;
			productType = "com.apple.product-type.application";
		};
		0DC7BF412ACD6335004E9239 /* MyMealTests */ = {
			isa = PBXNativeTarget;
			buildConfigurationList = 0DC7BF592ACD6335004E9239 /* Build configuration list for PBXNativeTarget "MyMealTests" */;
			buildPhases = (
				FDEE620D6DB90DBFF3A99FAF /* [CP] Check Pods Manifest.lock */,
				0DC7BF3E2ACD6335004E9239 /* Sources */,
				0DC7BF3F2ACD6335004E9239 /* Frameworks */,
				0DC7BF402ACD6335004E9239 /* Resources */,
				68F80D12E972923F19723F5E /* [CP] Embed Pods Frameworks */,
			);
			buildRules = (
			);
			dependencies = (
				0DC7BF442ACD6335004E9239 /* PBXTargetDependency */,
			);
			name = MyMealTests;
			productName = MyMealTests;
			productReference = 0DC7BF422ACD6335004E9239 /* MyMealTests.xctest */;
			productType = "com.apple.product-type.bundle.unit-test";
		};
/* End PBXNativeTarget section */

/* Begin PBXProject section */
		0DC7BF2A2ACD6332004E9239 /* Project object */ = {
			isa = PBXProject;
			attributes = {
				BuildIndependentTargetsInParallel = 1;
				LastSwiftUpdateCheck = 1420;
				LastUpgradeCheck = 1420;
				TargetAttributes = {
					0DC7BF312ACD6332004E9239 = {
						CreatedOnToolsVersion = 14.2;
					};
					0DC7BF412ACD6335004E9239 = {
						CreatedOnToolsVersion = 14.2;
						TestTargetID = 0DC7BF312ACD6332004E9239;
					};
				};
			};
			buildConfigurationList = 0DC7BF2D2ACD6332004E9239 /* Build configuration list for PBXProject "MyMeal" */;
			compatibilityVersion = "Xcode 14.0";
			developmentRegion = en;
			hasScannedForEncodings = 0;
			knownRegions = (
				en,
				Base,
			);
			mainGroup = 0DC7BF292ACD6332004E9239;
			packageReferences = (
				0DC7BF7C2ACE7A2A004E9239 /* XCRemoteSwiftPackageReference "Kingfisher" */,
			);
			productRefGroup = 0DC7BF332ACD6332004E9239 /* Products */;
			projectDirPath = "";
			projectRoot = "";
			targets = (
				0DC7BF312ACD6332004E9239 /* MyMeal */,
				0DC7BF412ACD6335004E9239 /* MyMealTests */,
			);
		};
/* End PBXProject section */

/* Begin PBXResourcesBuildPhase section */
		0DC7BF302ACD6332004E9239 /* Resources */ = {
			isa = PBXResourcesBuildPhase;
			buildActionMask = 2147483647;
			files = (
				0DC7BF3D2ACD6335004E9239 /* Preview Assets.xcassets in Resources */,
				0DC7BF3A2ACD6335004E9239 /* Assets.xcassets in Resources */,
			);
			runOnlyForDeploymentPostprocessing = 0;
		};
		0DC7BF402ACD6335004E9239 /* Resources */ = {
			isa = PBXResourcesBuildPhase;
			buildActionMask = 2147483647;
			files = (
			);
			runOnlyForDeploymentPostprocessing = 0;
		};
/* End PBXResourcesBuildPhase section */

/* Begin PBXShellScriptBuildPhase section */
		5141222023635FC6D4E0CE1F /* [CP] Check Pods Manifest.lock */ = {
			isa = PBXShellScriptBuildPhase;
			buildActionMask = 2147483647;
			files = (
			);
			inputFileListPaths = (
			);
			inputPaths = (
				"${PODS_PODFILE_DIR_PATH}/Podfile.lock",
				"${PODS_ROOT}/Manifest.lock",
			);
			name = "[CP] Check Pods Manifest.lock";
			outputFileListPaths = (
			);
			outputPaths = (
				"$(DERIVED_FILE_DIR)/Pods-MyMeal-checkManifestLockResult.txt",
			);
			runOnlyForDeploymentPostprocessing = 0;
			shellPath = /bin/sh;
			shellScript = "diff \"${PODS_PODFILE_DIR_PATH}/Podfile.lock\" \"${PODS_ROOT}/Manifest.lock\" > /dev/null\nif [ $? != 0 ] ; then\n    # print error to STDERR\n    echo \"error: The sandbox is not in sync with the Podfile.lock. Run 'pod install' or update your CocoaPods installation.\" >&2\n    exit 1\nfi\n# This output is used by Xcode 'outputs' to avoid re-running this script phase.\necho \"SUCCESS\" > \"${SCRIPT_OUTPUT_FILE_0}\"\n";
			showEnvVarsInLog = 0;
		};
		68F80D12E972923F19723F5E /* [CP] Embed Pods Frameworks */ = {
			isa = PBXShellScriptBuildPhase;
			buildActionMask = 2147483647;
			files = (
			);
			inputFileListPaths = (
				"${PODS_ROOT}/Target Support Files/Pods-MyMealTests/Pods-MyMealTests-frameworks-${CONFIGURATION}-input-files.xcfilelist",
			);
			name = "[CP] Embed Pods Frameworks";
			outputFileListPaths = (
				"${PODS_ROOT}/Target Support Files/Pods-MyMealTests/Pods-MyMealTests-frameworks-${CONFIGURATION}-output-files.xcfilelist",
			);
			runOnlyForDeploymentPostprocessing = 0;
			shellPath = /bin/sh;
			shellScript = "\"${PODS_ROOT}/Target Support Files/Pods-MyMealTests/Pods-MyMealTests-frameworks.sh\"\n";
			showEnvVarsInLog = 0;
		};
		7427110FFF46EA8A6EB3FA05 /* [CP] Embed Pods Frameworks */ = {
			isa = PBXShellScriptBuildPhase;
			buildActionMask = 2147483647;
			files = (
			);
			inputFileListPaths = (
				"${PODS_ROOT}/Target Support Files/Pods-MyMeal/Pods-MyMeal-frameworks-${CONFIGURATION}-input-files.xcfilelist",
			);
			name = "[CP] Embed Pods Frameworks";
			outputFileListPaths = (
				"${PODS_ROOT}/Target Support Files/Pods-MyMeal/Pods-MyMeal-frameworks-${CONFIGURATION}-output-files.xcfilelist",
			);
			runOnlyForDeploymentPostprocessing = 0;
			shellPath = /bin/sh;
			shellScript = "\"${PODS_ROOT}/Target Support Files/Pods-MyMeal/Pods-MyMeal-frameworks.sh\"\n";
			showEnvVarsInLog = 0;
		};
		FDEE620D6DB90DBFF3A99FAF /* [CP] Check Pods Manifest.lock */ = {
			isa = PBXShellScriptBuildPhase;
			buildActionMask = 2147483647;
			files = (
			);
			inputFileListPaths = (
			);
			inputPaths = (
				"${PODS_PODFILE_DIR_PATH}/Podfile.lock",
				"${PODS_ROOT}/Manifest.lock",
			);
			name = "[CP] Check Pods Manifest.lock";
			outputFileListPaths = (
			);
			outputPaths = (
				"$(DERIVED_FILE_DIR)/Pods-MyMealTests-checkManifestLockResult.txt",
			);
			runOnlyForDeploymentPostprocessing = 0;
			shellPath = /bin/sh;
			shellScript = "diff \"${PODS_PODFILE_DIR_PATH}/Podfile.lock\" \"${PODS_ROOT}/Manifest.lock\" > /dev/null\nif [ $? != 0 ] ; then\n    # print error to STDERR\n    echo \"error: The sandbox is not in sync with the Podfile.lock. Run 'pod install' or update your CocoaPods installation.\" >&2\n    exit 1\nfi\n# This output is used by Xcode 'outputs' to avoid re-running this script phase.\necho \"SUCCESS\" > \"${SCRIPT_OUTPUT_FILE_0}\"\n";
			showEnvVarsInLog = 0;
		};
/* End PBXShellScriptBuildPhase section */

/* Begin PBXSourcesBuildPhase section */
		0DC7BF2E2ACD6332004E9239 /* Sources */ = {
			isa = PBXSourcesBuildPhase;
			buildActionMask = 2147483647;
			files = (
				0DC7BF752ACE4275004E9239 /* MealDetailsView.swift in Sources */,
				0DC7BF362ACD6332004E9239 /* MyMealApp.swift in Sources */,
				0DC7BF652ACD63F6004E9239 /* MealModel.swift in Sources */,
				0DC7BF822ACE98D4004E9239 /* AccountModel.swift in Sources */,
				0DC7BF842ACE9CDC004E9239 /* AccountView.swift in Sources */,
				0DC7BF6A2ACD6780004E9239 /* AlphabetButtonsView.swift in Sources */,
				0DC7BF632ACD63E9004E9239 /* MealView.swift in Sources */,
				0DC7BF682ACD66A3004E9239 /* MealRow.swift in Sources */,
				0DC7BF792ACE5BF8004E9239 /* EmptyView.swift in Sources */,
				0DC7BF6D2ACD69FB004E9239 /* LoadingView.swift in Sources */,
				0DC7BF772ACE428B004E9239 /* MealDetailsModel.swift in Sources */,
				0DC7BF722ACE410F004E9239 /* DefaultImage.swift in Sources */,
			);
			runOnlyForDeploymentPostprocessing = 0;
		};
		0DC7BF3E2ACD6335004E9239 /* Sources */ = {
			isa = PBXSourcesBuildPhase;
			buildActionMask = 2147483647;
			files = (
				0D09F5732ACFAFD800BD34E9 /* MealModelTests.swift in Sources */,
				0D09F5752ACFB01300BD34E9 /* NetworkingTests.swift in Sources */,
				0D09F5712ACFAF3200BD34E9 /* AccountModelTests.swift in Sources */,
			);
			runOnlyForDeploymentPostprocessing = 0;
		};
/* End PBXSourcesBuildPhase section */

/* Begin PBXTargetDependency section */
		0DC7BF442ACD6335004E9239 /* PBXTargetDependency */ = {
			isa = PBXTargetDependency;
			target = 0DC7BF312ACD6332004E9239 /* MyMeal */;
			targetProxy = 0DC7BF432ACD6335004E9239 /* PBXContainerItemProxy */;
		};
/* End PBXTargetDependency section */

/* Begin XCBuildConfiguration section */
		0DC7BF542ACD6335004E9239 /* Debug */ = {
			isa = XCBuildConfiguration;
			buildSettings = {
				ALWAYS_SEARCH_USER_PATHS = NO;
				CLANG_ANALYZER_NONNULL = YES;
				CLANG_ANALYZER_NUMBER_OBJECT_CONVERSION = YES_AGGRESSIVE;
				CLANG_CXX_LANGUAGE_STANDARD = "gnu++20";
				CLANG_ENABLE_MODULES = YES;
				CLANG_ENABLE_OBJC_ARC = YES;
				CLANG_ENABLE_OBJC_WEAK = YES;
				CLANG_WARN_BLOCK_CAPTURE_AUTORELEASING = YES;
				CLANG_WARN_BOOL_CONVERSION = YES;
				CLANG_WARN_COMMA = YES;
				CLANG_WARN_CONSTANT_CONVERSION = YES;
				CLANG_WARN_DEPRECATED_OBJC_IMPLEMENTATIONS = YES;
				CLANG_WARN_DIRECT_OBJC_ISA_USAGE = YES_ERROR;
				CLANG_WARN_DOCUMENTATION_COMMENTS = YES;
				CLANG_WARN_EMPTY_BODY = YES;
				CLANG_WARN_ENUM_CONVERSION = YES;
				CLANG_WARN_INFINITE_RECURSION = YES;
				CLANG_WARN_INT_CONVERSION = YES;
				CLANG_WARN_NON_LITERAL_NULL_CONVERSION = YES;
				CLANG_WARN_OBJC_IMPLICIT_RETAIN_SELF = YES;
				CLANG_WARN_OBJC_LITERAL_CONVERSION = YES;
				CLANG_WARN_OBJC_ROOT_CLASS = YES_ERROR;
				CLANG_WARN_QUOTED_INCLUDE_IN_FRAMEWORK_HEADER = YES;
				CLANG_WARN_RANGE_LOOP_ANALYSIS = YES;
				CLANG_WARN_STRICT_PROTOTYPES = YES;
				CLANG_WARN_SUSPICIOUS_MOVE = YES;
				CLANG_WARN_UNGUARDED_AVAILABILITY = YES_AGGRESSIVE;
				CLANG_WARN_UNREACHABLE_CODE = YES;
				CLANG_WARN__DUPLICATE_METHOD_MATCH = YES;
				COPY_PHASE_STRIP = NO;
				DEBUG_INFORMATION_FORMAT = dwarf;
				ENABLE_STRICT_OBJC_MSGSEND = YES;
				ENABLE_TESTABILITY = YES;
				GCC_C_LANGUAGE_STANDARD = gnu11;
				GCC_DYNAMIC_NO_PIC = NO;
				GCC_NO_COMMON_BLOCKS = YES;
				GCC_OPTIMIZATION_LEVEL = 0;
				GCC_PREPROCESSOR_DEFINITIONS = (
					"DEBUG=1",
					"$(inherited)",
				);
				GCC_WARN_64_TO_32_BIT_CONVERSION = YES;
				GCC_WARN_ABOUT_RETURN_TYPE = YES_ERROR;
				GCC_WARN_UNDECLARED_SELECTOR = YES;
				GCC_WARN_UNINITIALIZED_AUTOS = YES_AGGRESSIVE;
				GCC_WARN_UNUSED_FUNCTION = YES;
				GCC_WARN_UNUSED_VARIABLE = YES;
				IPHONEOS_DEPLOYMENT_TARGET = 16.2;
				MTL_ENABLE_DEBUG_INFO = INCLUDE_SOURCE;
				MTL_FAST_MATH = YES;
				ONLY_ACTIVE_ARCH = YES;
				SDKROOT = iphoneos;
				SWIFT_ACTIVE_COMPILATION_CONDITIONS = DEBUG;
				SWIFT_OPTIMIZATION_LEVEL = "-Onone";
			};
			name = Debug;
		};
		0DC7BF552ACD6335004E9239 /* Release */ = {
			isa = XCBuildConfiguration;
			buildSettings = {
				ALWAYS_SEARCH_USER_PATHS = NO;
				CLANG_ANALYZER_NONNULL = YES;
				CLANG_ANALYZER_NUMBER_OBJECT_CONVERSION = YES_AGGRESSIVE;
				CLANG_CXX_LANGUAGE_STANDARD = "gnu++20";
				CLANG_ENABLE_MODULES = YES;
				CLANG_ENABLE_OBJC_ARC = YES;
				CLANG_ENABLE_OBJC_WEAK = YES;
				CLANG_WARN_BLOCK_CAPTURE_AUTORELEASING = YES;
				CLANG_WARN_BOOL_CONVERSION = YES;
				CLANG_WARN_COMMA = YES;
				CLANG_WARN_CONSTANT_CONVERSION = YES;
				CLANG_WARN_DEPRECATED_OBJC_IMPLEMENTATIONS = YES;
				CLANG_WARN_DIRECT_OBJC_ISA_USAGE = YES_ERROR;
				CLANG_WARN_DOCUMENTATION_COMMENTS = YES;
				CLANG_WARN_EMPTY_BODY = YES;
				CLANG_WARN_ENUM_CONVERSION = YES;
				CLANG_WARN_INFINITE_RECURSION = YES;
				CLANG_WARN_INT_CONVERSION = YES;
				CLANG_WARN_NON_LITERAL_NULL_CONVERSION = YES;
				CLANG_WARN_OBJC_IMPLICIT_RETAIN_SELF = YES;
				CLANG_WARN_OBJC_LITERAL_CONVERSION = YES;
				CLANG_WARN_OBJC_ROOT_CLASS = YES_ERROR;
				CLANG_WARN_QUOTED_INCLUDE_IN_FRAMEWORK_HEADER = YES;
				CLANG_WARN_RANGE_LOOP_ANALYSIS = YES;
				CLANG_WARN_STRICT_PROTOTYPES = YES;
				CLANG_WARN_SUSPICIOUS_MOVE = YES;
				CLANG_WARN_UNGUARDED_AVAILABILITY = YES_AGGRESSIVE;
				CLANG_WARN_UNREACHABLE_CODE = YES;
				CLANG_WARN__DUPLICATE_METHOD_MATCH = YES;
				COPY_PHASE_STRIP = NO;
				DEBUG_INFORMATION_FORMAT = "dwarf-with-dsym";
				ENABLE_NS_ASSERTIONS = NO;
				ENABLE_STRICT_OBJC_MSGSEND = YES;
				GCC_C_LANGUAGE_STANDARD = gnu11;
				GCC_NO_COMMON_BLOCKS = YES;
				GCC_WARN_64_TO_32_BIT_CONVERSION = YES;
				GCC_WARN_ABOUT_RETURN_TYPE = YES_ERROR;
				GCC_WARN_UNDECLARED_SELECTOR = YES;
				GCC_WARN_UNINITIALIZED_AUTOS = YES_AGGRESSIVE;
				GCC_WARN_UNUSED_FUNCTION = YES;
				GCC_WARN_UNUSED_VARIABLE = YES;
				IPHONEOS_DEPLOYMENT_TARGET = 16.2;
				MTL_ENABLE_DEBUG_INFO = NO;
				MTL_FAST_MATH = YES;
				SDKROOT = iphoneos;
				SWIFT_COMPILATION_MODE = wholemodule;
				SWIFT_OPTIMIZATION_LEVEL = "-O";
				VALIDATE_PRODUCT = YES;
			};
			name = Release;
		};
		0DC7BF572ACD6335004E9239 /* Debug */ = {
			isa = XCBuildConfiguration;
			baseConfigurationReference = 59D5732BFB1559E9EA0A6C16 /* Pods-MyMeal.debug.xcconfig */;
			buildSettings = {
				ASSETCATALOG_COMPILER_APPICON_NAME = AppIcon;
				ASSETCATALOG_COMPILER_GLOBAL_ACCENT_COLOR_NAME = AccentColor;
				CODE_SIGN_STYLE = Automatic;
				CURRENT_PROJECT_VERSION = 1;
				DEVELOPMENT_ASSET_PATHS = "\"MyMeal/Preview Content\"";
				DEVELOPMENT_TEAM = 7K72X54MJB;
				ENABLE_PREVIEWS = YES;
				GENERATE_INFOPLIST_FILE = YES;
				INFOPLIST_KEY_LSApplicationCategoryType = "public.app-category.food-and-drink";
				INFOPLIST_KEY_UIApplicationSceneManifest_Generation = YES;
				INFOPLIST_KEY_UIApplicationSupportsIndirectInputEvents = YES;
				INFOPLIST_KEY_UILaunchScreen_Generation = YES;
				INFOPLIST_KEY_UISupportedInterfaceOrientations = "UIInterfaceOrientationLandscapeLeft UIInterfaceOrientationLandscapeRight UIInterfaceOrientationPortrait UIInterfaceOrientationPortraitUpsideDown";
				IPHONEOS_DEPLOYMENT_TARGET = 15.0;
				LD_RUNPATH_SEARCH_PATHS = (
					"$(inherited)",
					"@executable_path/Frameworks",
				);
				MARKETING_VERSION = 1.0;
				PRODUCT_BUNDLE_IDENTIFIER = com.lokerz.MyMeals;
				PRODUCT_NAME = "$(TARGET_NAME)";
				SWIFT_EMIT_LOC_STRINGS = YES;
				SWIFT_VERSION = 5.0;
				TARGETED_DEVICE_FAMILY = "1,2";
			};
			name = Debug;
		};
		0DC7BF582ACD6335004E9239 /* Release */ = {
			isa = XCBuildConfiguration;
			baseConfigurationReference = 7129D4FF4DEF34D02D80120D /* Pods-MyMeal.release.xcconfig */;
			buildSettings = {
				ASSETCATALOG_COMPILER_APPICON_NAME = AppIcon;
				ASSETCATALOG_COMPILER_GLOBAL_ACCENT_COLOR_NAME = AccentColor;
				CODE_SIGN_STYLE = Automatic;
				CURRENT_PROJECT_VERSION = 1;
				DEVELOPMENT_ASSET_PATHS = "\"MyMeal/Preview Content\"";
				DEVELOPMENT_TEAM = 7K72X54MJB;
				ENABLE_PREVIEWS = YES;
				GENERATE_INFOPLIST_FILE = YES;
				INFOPLIST_KEY_LSApplicationCategoryType = "public.app-category.food-and-drink";
				INFOPLIST_KEY_UIApplicationSceneManifest_Generation = YES;
				INFOPLIST_KEY_UIApplicationSupportsIndirectInputEvents = YES;
				INFOPLIST_KEY_UILaunchScreen_Generation = YES;
				INFOPLIST_KEY_UISupportedInterfaceOrientations = "UIInterfaceOrientationLandscapeLeft UIInterfaceOrientationLandscapeRight UIInterfaceOrientationPortrait UIInterfaceOrientationPortraitUpsideDown";
				IPHONEOS_DEPLOYMENT_TARGET = 15.0;
				LD_RUNPATH_SEARCH_PATHS = (
					"$(inherited)",
					"@executable_path/Frameworks",
				);
				MARKETING_VERSION = 1.0;
				PRODUCT_BUNDLE_IDENTIFIER = com.lokerz.MyMeals;
				PRODUCT_NAME = "$(TARGET_NAME)";
				SWIFT_EMIT_LOC_STRINGS = YES;
				SWIFT_VERSION = 5.0;
				TARGETED_DEVICE_FAMILY = "1,2";
			};
			name = Release;
		};
		0DC7BF5A2ACD6335004E9239 /* Debug */ = {
			isa = XCBuildConfiguration;
			baseConfigurationReference = 1151CD3AC040604B21C67CD9 /* Pods-MyMealTests.debug.xcconfig */;
			buildSettings = {
				ALWAYS_EMBED_SWIFT_STANDARD_LIBRARIES = YES;
				BUNDLE_LOADER = "$(TEST_HOST)";
				CODE_SIGN_STYLE = Automatic;
				CURRENT_PROJECT_VERSION = 1;
				DEVELOPMENT_TEAM = B83XDB7STF;
				GENERATE_INFOPLIST_FILE = YES;
				IPHONEOS_DEPLOYMENT_TARGET = 15.0;
				MARKETING_VERSION = 1.0;
				PRODUCT_BUNDLE_IDENTIFIER = com.lokerz.MyMealTests;
				PRODUCT_NAME = "$(TARGET_NAME)";
				SWIFT_EMIT_LOC_STRINGS = NO;
				SWIFT_VERSION = 5.0;
				TARGETED_DEVICE_FAMILY = "1,2";
				TEST_HOST = "$(BUILT_PRODUCTS_DIR)/MyMeal.app/$(BUNDLE_EXECUTABLE_FOLDER_PATH)/MyMeal";
			};
			name = Debug;
		};
		0DC7BF5B2ACD6335004E9239 /* Release */ = {
			isa = XCBuildConfiguration;
			baseConfigurationReference = 1AD51527032DDCFE8C5BC6DB /* Pods-MyMealTests.release.xcconfig */;
			buildSettings = {
				ALWAYS_EMBED_SWIFT_STANDARD_LIBRARIES = YES;
				BUNDLE_LOADER = "$(TEST_HOST)";
				CODE_SIGN_STYLE = Automatic;
				CURRENT_PROJECT_VERSION = 1;
				DEVELOPMENT_TEAM = B83XDB7STF;
				GENERATE_INFOPLIST_FILE = YES;
				IPHONEOS_DEPLOYMENT_TARGET = 15.0;
				MARKETING_VERSION = 1.0;
				PRODUCT_BUNDLE_IDENTIFIER = com.lokerz.MyMealTests;
				PRODUCT_NAME = "$(TARGET_NAME)";
				SWIFT_EMIT_LOC_STRINGS = NO;
				SWIFT_VERSION = 5.0;
				TARGETED_DEVICE_FAMILY = "1,2";
				TEST_HOST = "$(BUILT_PRODUCTS_DIR)/MyMeal.app/$(BUNDLE_EXECUTABLE_FOLDER_PATH)/MyMeal";
			};
			name = Release;
		};
/* End XCBuildConfiguration section */

/* Begin XCConfigurationList section */
		0DC7BF2D2ACD6332004E9239 /* Build configuration list for PBXProject "MyMeal" */ = {
			isa = XCConfigurationList;
			buildConfigurations = (
				0DC7BF542ACD6335004E9239 /* Debug */,
				0DC7BF552ACD6335004E9239 /* Release */,
			);
			defaultConfigurationIsVisible = 0;
			defaultConfigurationName = Release;
		};
		0DC7BF562ACD6335004E9239 /* Build configuration list for PBXNativeTarget "MyMeal" */ = {
			isa = XCConfigurationList;
			buildConfigurations = (
				0DC7BF572ACD6335004E9239 /* Debug */,
				0DC7BF582ACD6335004E9239 /* Release */,
			);
			defaultConfigurationIsVisible = 0;
			defaultConfigurationName = Release;
		};
		0DC7BF592ACD6335004E9239 /* Build configuration list for PBXNativeTarget "MyMealTests" */ = {
			isa = XCConfigurationList;
			buildConfigurations = (
				0DC7BF5A2ACD6335004E9239 /* Debug */,
				0DC7BF5B2ACD6335004E9239 /* Release */,
			);
			defaultConfigurationIsVisible = 0;
			defaultConfigurationName = Release;
		};
/* End XCConfigurationList section */

/* Begin XCRemoteSwiftPackageReference section */
		0DC7BF7C2ACE7A2A004E9239 /* XCRemoteSwiftPackageReference "Kingfisher" */ = {
			isa = XCRemoteSwiftPackageReference;
			repositoryURL = "https://github.com/onevcat/Kingfisher.git";
			requirement = {
				kind = upToNextMajorVersion;
				minimumVersion = 7.0.0;
			};
		};
/* End XCRemoteSwiftPackageReference section */

/* Begin XCSwiftPackageProductDependency section */
		0DC7BF7D2ACE7A2A004E9239 /* Kingfisher */ = {
			isa = XCSwiftPackageProductDependency;
			package = 0DC7BF7C2ACE7A2A004E9239 /* XCRemoteSwiftPackageReference "Kingfisher" */;
			productName = Kingfisher;
		};
/* End XCSwiftPackageProductDependency section */
	};
	rootObject = 0DC7BF2A2ACD6332004E9239 /* Project object */;
}
